
Microsoft Visual Studio Solution File, Format Version 12.00
# Visual Studio Version 17
VisualStudioVersion = 17.4.33205.214
MinimumVisualStudioVersion = 10.0.40219.1
Project("{FAE04EC0-301F-11D3-BF4B-00C04F79EFBC}") = "RazorPagesMovie", "RazorPagesMovie\RazorPagesMovie.csproj", "{73547983-3D78-4685-8D2B-03C87C2B70E5}"
EndProject
Global
	GlobalSection(SolutionConfigurationPlatforms) = preSolution
		Debug|Any CPU = Debug|Any CPU
		Release|Any CPU = Release|Any CPU
	EndGlobalSection
	GlobalSection(ProjectConfigurationPlatforms) = postSolution
		{73547983-3D78-4685-8D2B-03C87C2B70E5}.Debug|Any CPU.ActiveCfg = Debug|Any CPU
		{73547983-3D78-4685-8D2B-03C87C2B70E5}.Debug|Any CPU.Build.0 = Debug|Any CPU
		{73547983-3D78-4685-8D2B-03C87C2B70E5}.Release|Any CPU.ActiveCfg = Release|Any CPU
		{73547983-3D78-4685-8D2B-03C87C2B70E5}.Release|Any CPU.Build.0 = Release|Any CPU
	EndGlobalSection
	GlobalSection(SolutionProperties) = preSolution
		HideSolutionNode = FALSE
	EndGlobalSection
	GlobalSection(ExtensibilityGlobals) = postSolution
		SolutionGuid = {13DF73D9-FD1B-4022-ABF5-CBAC7584A385}
	EndGlobalSection
EndGlobal
